
Microsoft Visual Studio Solution File, Format Version 12.00
# Visual Studio Version 16
VisualStudioVersion = 16.0.30128.74
MinimumVisualStudioVersion = 10.0.40219.1
Project("{FAE04EC0-301F-11D3-BF4B-00C04F79EFBC}") = "KorytoModel", "KorytoModel\KorytoModel.csproj", "{C34077B0-89E7-4E9F-9E24-855CD36AB888}"
EndProject
Project("{FAE04EC0-301F-11D3-BF4B-00C04F79EFBC}") = "KorytoService", "KorytoService\KorytoService.csproj", "{EFDFECF8-1F1C-4DAD-ADD3-F2A5959E9A2A}"
EndProject
Project("{FAE04EC0-301F-11D3-BF4B-00C04F79EFBC}") = "KorytoView", "KorytoView\KorytoView.csproj", "{D05B86BD-5BD3-4113-B561-0B5659F2FA34}"
EndProject
Project("{FAE04EC0-301F-11D3-BF4B-00C04F79EFBC}") = "KorytoDataBase", "KorytoDataBase\KorytoDataBase.csproj", "{D4360495-7D3C-45F2-92AE-14E45915A307}"
EndProject
Global
	GlobalSection(SolutionConfigurationPlatforms) = preSolution
		Debug|Any CPU = Debug|Any CPU
		Release|Any CPU = Release|Any CPU
	EndGlobalSection
	GlobalSection(ProjectConfigurationPlatforms) = postSolution
		{C34077B0-89E7-4E9F-9E24-855CD36AB888}.Debug|Any CPU.ActiveCfg = Debug|Any CPU
		{C34077B0-89E7-4E9F-9E24-855CD36AB888}.Debug|Any CPU.Build.0 = Debug|Any CPU
		{C34077B0-89E7-4E9F-9E24-855CD36AB888}.Release|Any CPU.ActiveCfg = Release|Any CPU
		{C34077B0-89E7-4E9F-9E24-855CD36AB888}.Release|Any CPU.Build.0 = Release|Any CPU
		{EFDFECF8-1F1C-4DAD-ADD3-F2A5959E9A2A}.Debug|Any CPU.ActiveCfg = Debug|Any CPU
		{EFDFECF8-1F1C-4DAD-ADD3-F2A5959E9A2A}.Debug|Any CPU.Build.0 = Debug|Any CPU
		{EFDFECF8-1F1C-4DAD-ADD3-F2A5959E9A2A}.Release|Any CPU.ActiveCfg = Release|Any CPU
		{EFDFECF8-1F1C-4DAD-ADD3-F2A5959E9A2A}.Release|Any CPU.Build.0 = Release|Any CPU
		{D05B86BD-5BD3-4113-B561-0B5659F2FA34}.Debug|Any CPU.ActiveCfg = Debug|Any CPU
		{D05B86BD-5BD3-4113-B561-0B5659F2FA34}.Debug|Any CPU.Build.0 = Debug|Any CPU
		{D05B86BD-5BD3-4113-B561-0B5659F2FA34}.Release|Any CPU.ActiveCfg = Release|Any CPU
		{D05B86BD-5BD3-4113-B561-0B5659F2FA34}.Release|Any CPU.Build.0 = Release|Any CPU
		{D4360495-7D3C-45F2-92AE-14E45915A307}.Debug|Any CPU.ActiveCfg = Debug|Any CPU
		{D4360495-7D3C-45F2-92AE-14E45915A307}.Debug|Any CPU.Build.0 = Debug|Any CPU
		{D4360495-7D3C-45F2-92AE-14E45915A307}.Release|Any CPU.ActiveCfg = Release|Any CPU
		{D4360495-7D3C-45F2-92AE-14E45915A307}.Release|Any CPU.Build.0 = Release|Any CPU
	EndGlobalSection
	GlobalSection(SolutionProperties) = preSolution
		HideSolutionNode = FALSE
	EndGlobalSection
	GlobalSection(ExtensibilityGlobals) = postSolution
		SolutionGuid = {7C4B37A7-36CD-4821-BBC6-B7945615C9FB}
	EndGlobalSection
EndGlobal
