
Microsoft Visual Studio Solution File, Format Version 12.00
# Visual Studio Version 16
VisualStudioVersion = 16.0.30128.74
MinimumVisualStudioVersion = 10.0.40219.1
Project("{FAE04EC0-301F-11D3-BF4B-00C04F79EFBC}") = "KorytoModel", "KorytoModel\KorytoModel.csproj", "{C34077B0-89E7-4E9F-9E24-855CD36AB888}"
EndProject
Global
	GlobalSection(SolutionConfigurationPlatforms) = preSolution
		Debug|Any CPU = Debug|Any CPU
		Release|Any CPU = Release|Any CPU
	EndGlobalSection
	GlobalSection(ProjectConfigurationPlatforms) = postSolution
		{C34077B0-89E7-4E9F-9E24-855CD36AB888}.Debug|Any CPU.ActiveCfg = Debug|Any CPU
		{C34077B0-89E7-4E9F-9E24-855CD36AB888}.Debug|Any CPU.Build.0 = Debug|Any CPU
		{C34077B0-89E7-4E9F-9E24-855CD36AB888}.Release|Any CPU.ActiveCfg = Release|Any CPU
		{C34077B0-89E7-4E9F-9E24-855CD36AB888}.Release|Any CPU.Build.0 = Release|Any CPU
	EndGlobalSection
	GlobalSection(SolutionProperties) = preSolution
		HideSolutionNode = FALSE
	EndGlobalSection
	GlobalSection(ExtensibilityGlobals) = postSolution
		SolutionGuid = {7C4B37A7-36CD-4821-BBC6-B7945615C9FB}
	EndGlobalSection
EndGlobal
